format_version=1
# 探隐供应链锁定（批次 4 起步版；批次 6 全量化+生产钥重签）
# TEST-ONLY：批次4 验签测试钥签名——生产发布流程（批次 6）换真钥重签（G-22 如实披露）
openssl	3.x-system	ed4e73619ce372a44703a9c61ef64952288ad3041ed45234e5805bc4fa87c00d	3045022100df2ac38e0904a65127b0452e89dcc0d396769e41a5870b3026a84de8b100bd6d02201394d1ccb9647b0ac70d9d01e25c9cb15fd49d82cbeb6d3071fc80ab7aca3704	
nuclei	v3.3.7	4802fd7bea530e539999bca3ead9903a38fd8ee95a9b6412bb125c271b630754	3046022100c2edd806eaad4f2f56aa951922fb20e2b4e42221ad22e60f00b3e82232107cd60221008d4fcda3ce74d5d87267e7c6114c1c6781cdf142840f0dc40b31e3b664eae309	
nuclei-templates	snapshot-1	93029a3d52c0d34d585c7fb3d498de0206bd969179e3fbd7054ee7b833f1bf7f	3046022100800e5422e8f7d73c175189c6ab2a66b18d80db57eece2b0a4b25c4f5b75996f1022100e70f052a92348575dbc2b5d50cd1ec7f884626e9a1f2fd321fe3cdbf5f9415d4	aaaaaaaaaaaaaaaaaaaaaaaaaaaaaaaaaaaaaaaa
