format_version=1
# 探隐供应链锁定（批次 4 起步版；批次 6 全量化 8 键+TEST 钥重签）
# TEST-ONLY：批次4 验签测试钥签名——生产钥生成/保管/重签仪式=install/KEY-MANAGEMENT.md（G-22；
# 生产钥人工离线执行、永不进仓，CI 与测试永用 TEST-ONLY 夹具钥且与生产钥无信任关系）
# 键清单 3→8（批次 6 T9）：+python/docker（系统工具键）+三自写引擎目录清单键。
#   系统工具键 digest=sha256("键\t版本\tsystem-tool-no-artifact")（无发布工件可哈希——版本钉死即锚）
#   目录键 digest=sha256("<relpath POSIX>\t<sha256(文件)>\n" 清单串，路径排序、排除 __pycache__)
#   （digest 复算与重签流程=install/KEY-MANAGEMENT.md §3.4；重签=install/resign-tools-lock.py）
# upstream_commit 真锚通道：GitHub REST API 双端点互证（/commits?sha=main&per_page=1 与
#   /branches/main 同值；git 协议超时改 API 通道——获取时点与复验纪律见 KEY-MANAGEMENT.md §3.5）
openssl	3.x-system	ed4e73619ce372a44703a9c61ef64952288ad3041ed45234e5805bc4fa87c00d	3045022006522d398a38e5c50c50bf4ec9d03b9e400eda599369fecd52d708d80394a677022100adb6f6171b696e38411027566f1881067882e52a8f57ef75757f5c97bc1d9afe	
nuclei	v3.3.7	4802fd7bea530e539999bca3ead9903a38fd8ee95a9b6412bb125c271b630754	304402202528d8eac2485db2ee3403cac5d381fd8c0e9ec20bff9a39ad1d1f120392b8f802205acad9932c808647ee732f8020950fc1ed1ad5b7a5831785f0b35b2a5bfa71b1	
nuclei-templates	snapshot-1	dba9dfea87a88afed2d5d016978b7a926438fef560d0ab085c361f0dd7a9f670	3046022100f19f525b89764e4521a1d5a2636a452d27b3edce3d8c379e8f1527a2287a8a28022100f0934cdb56796ec5f446ca0f647ddb802147243d02f720f339fb3ee05a537602	3e0e38f50a4159ada6cf20acf6cccfea03f1bee1
python	3.11+-system	62bf5c4924958a43123c6a4dada6a20db0dc4b38f973de5dad4e9c9bab42e1ed	3045022011bbea310b3c1cf41e083e2dd4a398c8c10903797c1e794a24ea7841a2c58664022100ab020d3d8a8dc65a5f43daf5227c64685711d0fc0189d9777c7318be21b4f1fa	
docker	24+-system	c7264a8a19e44dabddf7b829356832bca9177a8ecc2cb188938ec29bfcae0c7d	30440220701c6d2fa1c19bf2e8df5c33f9d02e28c7b5c58779101af4ad06d68755d4dd9602203c427352a85b521a526bc666068779e668ae08793729b1b86de761bbf4328a2b	
engines-web-blackbox	snapshot-1	3798fc5188e4d854f006b906e2c658e2efe4d6f64d5f5188d4b7f5498253cabe	3046022100c56502b4fc025835d5c16dbf2596155ef7fc8d1f7c64b546985b04595cfd1f9a022100cfadef8a5b48ab0eafd59fb3cf04c70cfb574dc523ae82f9a78cf3f373c25214	
engines-vuln-agent	snapshot-1	d502f497749078fe455ec3dd161653ed59e8f294989eb6b496596421c9612ba1	3045022059445edfd14fd6061964374a0fad2679d68f971641b2b167210770558bc862d5022100919f6a84c1add1214b6da79e392356d3c03b953f9f0def8eb8ef4e27bf70d906	
engines-session-viz	snapshot-1	53db7593008b819201a171d329bf1a732d8caf6df80c737c98d5f9985a04feea	3045022100bfcc1b65d5327096fb9048bab891b9da0f95e6ca4ccd5c1e44cd31a74edb09d702204d834f9733cb872d08d7b955ce3c37fd205376e903d2e731d51f787739f37430	
