{
  "name": "dsh-plugin-tanyin",
  "version": "0.3.0",
  "lockfileVersion": 3,
  "requires": true,
  "packages": {
    "": {
      "name": "dsh-plugin-tanyin",
      "version": "0.3.0",
      "dependencies": {
        "@deepseek-ai/schemastery": "*"
      },
      "devDependencies": {
        "@deepseek-ai/dsh-tools": "^0.0.1-rc.1"
      },
      "peerDependencies": {
        "cordis": "^3"
      }
    },
    "node_modules/@cordisjs/core": {
      "version": "3.18.1",
      "resolved": "https://registry.npmjs.org/@cordisjs/core/-/core-3.18.1.tgz",
      "integrity": "sha512-yRuATOamFxeD1ztE2L3o1SaHuT2zw5DTXijQYxt9azVNeILbvtomfGG6sLZegrynJO9XZbNvXbOlQ7LBJDOlAg==",
      "license": "MIT",
      "peer": true,
      "dependencies": {
        "cosmokit": "^1.6.2"
      }
    },
    "node_modules/@cordisjs/loader": {
      "version": "0.13.1",
      "resolved": "https://registry.npmjs.org/@cordisjs/loader/-/loader-0.13.1.tgz",
      "integrity": "sha512-YGw22gT1F/jXT1UeWMjIavt7WHMfEmKve83v4PTg63SW4eC2s89ivsN4RQWi5YWe0LQNNg8LItL66FeEcgQS5w==",
      "license": "MIT",
      "peer": true,
      "dependencies": {
        "cosmokit": "^1.6.2",
        "dotenv": "^16.4.5",
        "js-yaml": "^4.1.0"
      },
      "peerDependencies": {
        "@cordisjs/core": "^3.18.1"
      }
    },
    "node_modules/@cordisjs/logger": {
      "version": "0.3.3",
      "resolved": "https://registry.npmjs.org/@cordisjs/logger/-/logger-0.3.3.tgz",
      "integrity": "sha512-UcyZRXAL86YLAEEta+fxJM1CcDanJvoIMD9ywCyP2AZJuib68UynENGTFo4mYkeg+8WMXrlA/aNNwENMiLUlXA==",
      "license": "MIT",
      "peer": true,
      "dependencies": {
        "cosmokit": "^1.6.2",
        "reggol": "^1.7.0"
      },
      "peerDependencies": {
        "@cordisjs/core": "^3.17.1"
      }
    },
    "node_modules/@cordisjs/schema": {
      "version": "0.1.1",
      "resolved": "https://registry.npmjs.org/@cordisjs/schema/-/schema-0.1.1.tgz",
      "integrity": "sha512-AYTSyEXEASO6uVHqXBHIId+8OGFs0idtFoj3q7qee9J7OGcMjVEUsrsdiP9SnmzTR4ea17esShledUC50fco1g==",
      "license": "MIT",
      "peer": true,
      "dependencies": {
        "cosmokit": "^1.6.2",
        "schemastery": "^3.14.6"
      },
      "peerDependencies": {
        "@cordisjs/core": "^3.17.0"
      }
    },
    "node_modules/@cordisjs/timer": {
      "version": "0.3.2",
      "resolved": "https://registry.npmjs.org/@cordisjs/timer/-/timer-0.3.2.tgz",
      "integrity": "sha512-frdIvc+1AqKVHMWnNacqqZ2Cm52FfoYKPpBQ+kZgr/cFs7HXDKqetL35CLy/EZAF22l/6VTvpQOYUwS6tvVJZA==",
      "license": "MIT",
      "peer": true,
      "dependencies": {
        "cosmokit": "^1.5.2"
      },
      "peerDependencies": {
        "@cordisjs/core": "^3.12.0"
      }
    },
    "node_modules/@deepseek-ai/cordis": {
      "version": "4.0.4",
      "resolved": "https://registry.npmjs.org/@deepseek-ai/cordis/-/cordis-4.0.4.tgz",
      "integrity": "sha512-obgyxqWAmFn3Re8kvsuUnyW+ihrz6eJCnJO4fh1cQzDtmPYz/zzVeUkH9R94I0OwSVOocK67Kgakm04j/oQXzg==",
      "dev": true,
      "license": "MIT",
      "peer": true,
      "dependencies": {
        "@deepseek-ai/cosmokit": "~1.8.5",
        "@standard-schema/spec": "^1.1.0"
      },
      "bin": {
        "cordis": "bin.js"
      },
      "peerDependencies": {
        "@deepseek-ai/cordis-plugin-include": "~1.0.9",
        "@deepseek-ai/cordis-plugin-loader": "~1.0.5"
      },
      "peerDependenciesMeta": {
        "@deepseek-ai/cordis-plugin-include": {
          "optional": true
        },
        "@deepseek-ai/cordis-plugin-loader": {
          "optional": true
        }
      }
    },
    "node_modules/@deepseek-ai/cosmokit": {
      "version": "1.8.5",
      "resolved": "https://registry.npmjs.org/@deepseek-ai/cosmokit/-/cosmokit-1.8.5.tgz",
      "integrity": "sha512-LXsrlem9z8dq4sLflj2yuCuYX7KqhdzF5hZly3eZyuTo8d6oDSOXuEgC5DbQWKW+lksm6zmOutQLsP/ma6wR6A==",
      "license": "MIT"
    },
    "node_modules/@deepseek-ai/dsh-agent": {
      "version": "0.0.1-rc.5",
      "resolved": "https://registry.npmjs.org/@deepseek-ai/dsh-agent/-/dsh-agent-0.0.1-rc.5.tgz",
      "integrity": "sha512-eJoG89GRf8d7SCjGiSsC5g0fPijuNnJWIis5MmzIRoPSEv73PFOYs+EBHDEpPCQkFNmQjYtviiFhbhNPg9+3CQ==",
      "dev": true,
      "license": "BSD-3-Clause",
      "peer": true,
      "peerDependencies": {
        "@deepseek-ai/cordis": "^4.0.1-rc.4",
        "@deepseek-ai/dsh-invariants": "^0.0.1-rc.5",
        "@deepseek-ai/dsh-llm": "^0.0.1-rc.5",
        "@deepseek-ai/dsh-scope": "^0.0.1-rc.5",
        "@deepseek-ai/dsh-session": "^0.0.1-rc.5",
        "@deepseek-ai/dsh-system-prompt": "^0.0.1-rc.5",
        "@deepseek-ai/dsh-typert-protocol": "^0.0.1-rc.5"
      }
    },
    "node_modules/@deepseek-ai/dsh-attachment": {
      "version": "0.0.1-rc.5",
      "resolved": "https://registry.npmjs.org/@deepseek-ai/dsh-attachment/-/dsh-attachment-0.0.1-rc.5.tgz",
      "integrity": "sha512-mjv3gtW39nFJX0MQHZlW9PBlZVLDUZ5HqCfr2gr+ypPQ86RNtHzmLI/9XHF0xcMkT8VMCs6x53bipi87BEQMCg==",
      "dev": true,
      "license": "BSD-3-Clause",
      "peer": true,
      "peerDependencies": {
        "@deepseek-ai/cordis": "^4.0.1-rc.4",
        "@deepseek-ai/dsh-brand": "^0.0.1-rc.5",
        "@deepseek-ai/dsh-invariants": "^0.0.1-rc.5"
      }
    },
    "node_modules/@deepseek-ai/dsh-brand": {
      "version": "0.0.1-rc.5",
      "resolved": "https://registry.npmjs.org/@deepseek-ai/dsh-brand/-/dsh-brand-0.0.1-rc.5.tgz",
      "integrity": "sha512-aVHMvG5hYLYIXUsvf9mfi0Fvr8w3oU6y1qbhiOiWUVSQu2pKkFgiKJGPIHhMLoj0q4IkewNvsVFQeECdsLLXYg==",
      "dev": true,
      "license": "BSD-3-Clause",
      "peer": true,
      "peerDependencies": {
        "@deepseek-ai/cordis": "^4.0.1-rc.4",
        "@deepseek-ai/dsh-invariants": "^0.0.1-rc.5"
      }
    },
    "node_modules/@deepseek-ai/dsh-code-runtime": {
      "version": "0.0.1-rc.1",
      "resolved": "https://registry.npmjs.org/@deepseek-ai/dsh-code-runtime/-/dsh-code-runtime-0.0.1-rc.1.tgz",
      "integrity": "sha512-lfHc2HevlivlnKWt876s1rOSov5PyR9tPpPiQFEs46jREF5JjwMdE8yTUbpEnBt9A97NZ+vKl2o7LbqVZPSSxg==",
      "dev": true,
      "license": "BSD-3-Clause",
      "peer": true,
      "peerDependencies": {
        "@deepseek-ai/cordis": "^4.0.1-rc.1",
        "@deepseek-ai/dsh-invariants": "^0.0.1-rc.1"
      }
    },
    "node_modules/@deepseek-ai/dsh-invariants": {
      "version": "0.0.1-rc.5",
      "resolved": "https://registry.npmjs.org/@deepseek-ai/dsh-invariants/-/dsh-invariants-0.0.1-rc.5.tgz",
      "integrity": "sha512-63LTrIMPAeJowv5E9Sr87w1SPs1Ign2/ofr+LPdrgAi4Pi32YFK9o4vSVv7osRHAIzlwxRCoFksythq+Jire3w==",
      "dev": true,
      "license": "BSD-3-Clause",
      "peer": true,
      "dependencies": {
        "@deepseek-ai/schemastery": "^3.18.1-rc.4"
      },
      "peerDependencies": {
        "@deepseek-ai/cordis": "^4.0.1-rc.4"
      }
    },
    "node_modules/@deepseek-ai/dsh-llm": {
      "version": "0.0.1-rc.5",
      "resolved": "https://registry.npmjs.org/@deepseek-ai/dsh-llm/-/dsh-llm-0.0.1-rc.5.tgz",
      "integrity": "sha512-+w+bYuimnZZwQshdEkZynFPH9FwYfRrEDkgnBshfkjDe1nqqH3h/K6amu8pcIZ2J8XaI6osAImyz7BAAuN589g==",
      "dev": true,
      "license": "BSD-3-Clause",
      "peer": true,
      "dependencies": {
        "@deepseek-ai/schemastery": "^3.18.1-rc.4"
      },
      "peerDependencies": {
        "@deepseek-ai/cordis": "^4.0.1-rc.4",
        "@deepseek-ai/dsh-attachment": "^0.0.1-rc.5",
        "@deepseek-ai/dsh-brand": "^0.0.1-rc.5",
        "@deepseek-ai/dsh-invariants": "^0.0.1-rc.5",
        "@deepseek-ai/dsh-timeout": "^0.0.1-rc.5"
      }
    },
    "node_modules/@deepseek-ai/dsh-scope": {
      "version": "0.0.1-rc.5",
      "resolved": "https://registry.npmjs.org/@deepseek-ai/dsh-scope/-/dsh-scope-0.0.1-rc.5.tgz",
      "integrity": "sha512-9dPbw8Lj2VMmbFqUKMlzhudSN/Z5xVY6otDMSKBqnF88WnOugslZXkYToOMQO8EUEJorE0d0M+aUAq4titzOwA==",
      "dev": true,
      "license": "BSD-3-Clause",
      "peer": true,
      "peerDependencies": {
        "@deepseek-ai/cordis": "^4.0.1-rc.4",
        "@deepseek-ai/dsh-invariants": "^0.0.1-rc.5"
      }
    },
    "node_modules/@deepseek-ai/dsh-session": {
      "version": "0.0.1-rc.5",
      "resolved": "https://registry.npmjs.org/@deepseek-ai/dsh-session/-/dsh-session-0.0.1-rc.5.tgz",
      "integrity": "sha512-/xFNk3scb0KXGKW9vjpW4drNTHVJYEw5gdW8xOPbgO+8/4AEtrS2m69P5ancdgcpufheLgJQ1H6sacFUAP1IpQ==",
      "dev": true,
      "license": "BSD-3-Clause",
      "peer": true,
      "peerDependencies": {
        "@deepseek-ai/cordis": "^4.0.1-rc.4",
        "@deepseek-ai/dsh-brand": "^0.0.1-rc.5",
        "@deepseek-ai/dsh-invariants": "^0.0.1-rc.5",
        "@deepseek-ai/dsh-llm": "^0.0.1-rc.5",
        "@deepseek-ai/dsh-scope": "^0.0.1-rc.5",
        "@deepseek-ai/dsh-typert-protocol": "^0.0.1-rc.5"
      }
    },
    "node_modules/@deepseek-ai/dsh-system-prompt": {
      "version": "0.0.1-rc.5",
      "resolved": "https://registry.npmjs.org/@deepseek-ai/dsh-system-prompt/-/dsh-system-prompt-0.0.1-rc.5.tgz",
      "integrity": "sha512-IMB3dT8ErPWq15tIXdItQ+OOzHKYdLGl6vwNkeZf2n3hlw0bxDzj1AmLCgE4vDByDue9BQTWl4cMfNN0NxVMfA==",
      "dev": true,
      "license": "BSD-3-Clause",
      "peer": true,
      "dependencies": {
        "@deepseek-ai/schemastery": "^3.18.1-rc.4"
      },
      "peerDependencies": {
        "@deepseek-ai/cordis": "^4.0.1-rc.4",
        "@deepseek-ai/dsh-invariants": "^0.0.1-rc.5",
        "@deepseek-ai/dsh-llm": "^0.0.1-rc.5",
        "@deepseek-ai/dsh-scope": "^0.0.1-rc.5"
      }
    },
    "node_modules/@deepseek-ai/dsh-timeout": {
      "version": "0.0.1-rc.5",
      "resolved": "https://registry.npmjs.org/@deepseek-ai/dsh-timeout/-/dsh-timeout-0.0.1-rc.5.tgz",
      "integrity": "sha512-SxuBtgHCQx5bOqua/U/5H2jMio8w1SXpjcDqmd0WBZ7OvmgnLovvbmCrEQeH0jtbkqL25yEZ/dDCr6cE27Pi5Q==",
      "dev": true,
      "license": "BSD-3-Clause",
      "peer": true,
      "peerDependencies": {
        "@deepseek-ai/cordis": "^4.0.1-rc.4",
        "@deepseek-ai/dsh-invariants": "^0.0.1-rc.5"
      }
    },
    "node_modules/@deepseek-ai/dsh-tools": {
      "version": "0.0.1-rc.1",
      "resolved": "https://registry.npmjs.org/@deepseek-ai/dsh-tools/-/dsh-tools-0.0.1-rc.1.tgz",
      "integrity": "sha512-mrtq+UXc6UVidrGo4GM8RAH0Gqc4iFOmtPeQAz59Phhjl3EmzkFI0Mo6dQlHQamrc2J9jppPtGtUzW9qHmwxDQ==",
      "dev": true,
      "license": "BSD-3-Clause",
      "dependencies": {
        "@deepseek-ai/schemastery": "^3.18.1-rc.1"
      },
      "peerDependencies": {
        "@deepseek-ai/cordis": "^4.0.1-rc.1",
        "@deepseek-ai/dsh-agent": "^0.0.1-rc.1",
        "@deepseek-ai/dsh-code-runtime": "^0.0.1-rc.1",
        "@deepseek-ai/dsh-invariants": "^0.0.1-rc.1",
        "@deepseek-ai/dsh-llm": "^0.0.1-rc.1",
        "@deepseek-ai/dsh-scope": "^0.0.1-rc.1",
        "@deepseek-ai/dsh-session": "^0.0.1-rc.1",
        "@deepseek-ai/dsh-system-prompt": "^0.0.1-rc.1",
        "@deepseek-ai/dsh-user-approval": "^0.0.1-rc.1"
      }
    },
    "node_modules/@deepseek-ai/dsh-typert-protocol": {
      "version": "0.0.1-rc.5",
      "resolved": "https://registry.npmjs.org/@deepseek-ai/dsh-typert-protocol/-/dsh-typert-protocol-0.0.1-rc.5.tgz",
      "integrity": "sha512-8ierrjmlloXATrJHeIE6EeItOT0M1kPmk+MTvV4600CD1XuAigVpktYc4HsbXw5jaKzt/jQK4eRCARYWeuvwhw==",
      "dev": true,
      "license": "BSD-3-Clause",
      "peer": true,
      "peerDependencies": {
        "@deepseek-ai/cordis": "^4.0.1-rc.4",
        "@deepseek-ai/dsh-invariants": "^0.0.1-rc.5"
      }
    },
    "node_modules/@deepseek-ai/dsh-user-approval": {
      "version": "0.0.1-rc.1",
      "resolved": "https://registry.npmjs.org/@deepseek-ai/dsh-user-approval/-/dsh-user-approval-0.0.1-rc.1.tgz",
      "integrity": "sha512-28J7iT2fl9I0haeCRwVIWqhFBO3xG+A1GAdfhLJG/9YkB0F3Cs6FUoRtNQ7pjxkJ6QzELY/gRBE7axCP0ETHcA==",
      "dev": true,
      "license": "BSD-3-Clause",
      "peer": true,
      "dependencies": {
        "@deepseek-ai/schemastery": "^3.18.1-rc.1"
      },
      "peerDependencies": {
        "@deepseek-ai/cordis": "^4.0.1-rc.1",
        "@deepseek-ai/dsh-agent": "^0.0.1-rc.1",
        "@deepseek-ai/dsh-brand": "^0.0.1-rc.1",
        "@deepseek-ai/dsh-invariants": "^0.0.1-rc.1",
        "@deepseek-ai/dsh-llm": "^0.0.1-rc.1",
        "@deepseek-ai/dsh-scope": "^0.0.1-rc.1",
        "@deepseek-ai/dsh-session": "^0.0.1-rc.1",
        "@deepseek-ai/dsh-system-prompt": "^0.0.1-rc.1"
      }
    },
    "node_modules/@deepseek-ai/schemastery": {
      "version": "3.18.4",
      "resolved": "https://registry.npmjs.org/@deepseek-ai/schemastery/-/schemastery-3.18.4.tgz",
      "integrity": "sha512-SSXO6tYuyrIqKVbmOnIq0s+riUywYzouFMcnBluHF9n4KMo2G8HvEzhCYj6pj2617/glOjbJuVInJ9hfONsjkg==",
      "license": "MIT",
      "dependencies": {
        "@deepseek-ai/cosmokit": "~1.8.5",
        "@standard-schema/spec": "^1.1.0"
      }
    },
    "node_modules/@standard-schema/spec": {
      "version": "1.1.0",
      "resolved": "https://registry.npmjs.org/@standard-schema/spec/-/spec-1.1.0.tgz",
      "integrity": "sha512-l2aFy5jALhniG5HgqrD6jXLi/rUWrKvqN/qJx6yoJsgKhblVd+iqqU4RCXavm/jPityDo5TCvKMnpjKnOriy0w==",
      "license": "MIT"
    },
    "node_modules/argparse": {
      "version": "2.0.1",
      "resolved": "https://registry.npmjs.org/argparse/-/argparse-2.0.1.tgz",
      "integrity": "sha512-8+9WqebbFzpX9OR+Wa6O29asIogeRMzcGtAINdpMHHyAg10f05aSFVBbcEqGf/PXw1EjAZ+q2/bEBg3DvurK3Q==",
      "license": "Python-2.0",
      "peer": true
    },
    "node_modules/cac": {
      "version": "6.7.14",
      "resolved": "https://registry.npmjs.org/cac/-/cac-6.7.14.tgz",
      "integrity": "sha512-b6Ilus+c3RrdDk+JhLKUAQfzzgLEPy6wcXqS7f/xe1EETvsDP6GORG7SFuOs6cID5YkqchW/LXZbX5bc8j7ZcQ==",
      "license": "MIT",
      "peer": true,
      "engines": {
        "node": ">=8"
      }
    },
    "node_modules/cordis": {
      "version": "3.18.1",
      "resolved": "https://registry.npmjs.org/cordis/-/cordis-3.18.1.tgz",
      "integrity": "sha512-9IbthFbFBVJ15WBDNPqHdl59TyEAMNWxF1Dxsdi14625ePQkMX35WvcqgGno0BcXlpXDbUaBZgQ+jfBYT+uuSQ==",
      "license": "MIT",
      "peer": true,
      "dependencies": {
        "@cordisjs/core": "3.18.1",
        "@cordisjs/loader": "^0.13.1",
        "@cordisjs/logger": "^0.3.3",
        "@cordisjs/schema": "^0.1.1",
        "@cordisjs/timer": "^0.3.2",
        "cac": "^6.7.14",
        "cosmokit": "^1.6.2",
        "kleur": "^4.1.5",
        "reggol": "^1.7.0"
      },
      "bin": {
        "cordis": "lib/bin/cordis.mjs"
      },
      "engines": {
        "node": "^18.0.0 || >=20.0.0"
      },
      "peerDependencies": {
        "cordis": "*"
      }
    },
    "node_modules/cosmokit": {
      "version": "1.8.1",
      "resolved": "https://registry.npmjs.org/cosmokit/-/cosmokit-1.8.1.tgz",
      "integrity": "sha512-PDBv4l90xZKrUsZ0vtoycgZpO/j4iFsqJXrAxsyBDsnQRI7ZMJXIjgDJsKNjd5L8jnVnnlrDCdhkFbTncgCVjQ==",
      "license": "MIT",
      "peer": true
    },
    "node_modules/dotenv": {
      "version": "16.6.1",
      "resolved": "https://registry.npmjs.org/dotenv/-/dotenv-16.6.1.tgz",
      "integrity": "sha512-uBq4egWHTcTt33a72vpSG0z3HnPuIl6NqYcTrKEg2azoEyl2hpW0zqlxysq2pK9HlDIHyHyakeYaYnSAwd8bow==",
      "license": "BSD-2-Clause",
      "peer": true,
      "engines": {
        "node": ">=12"
      },
      "funding": {
        "url": "https://dotenvx.com"
      }
    },
    "node_modules/has-flag": {
      "version": "4.0.0",
      "resolved": "https://registry.npmjs.org/has-flag/-/has-flag-4.0.0.tgz",
      "integrity": "sha512-EykJT/Q1KjTWctppgIAgfSO0tKVuZUjhgMr17kqTumMl6Afv3EISleU7qZUzoXDFTAHTDC4NOoG/ZxU3EvlMPQ==",
      "license": "MIT",
      "peer": true,
      "engines": {
        "node": ">=8"
      }
    },
    "node_modules/js-yaml": {
      "version": "4.3.2",
      "resolved": "https://registry.npmjs.org/js-yaml/-/js-yaml-4.3.2.tgz",
      "integrity": "sha512-SFNOvSJ+Dgf/9An904Yx+CgSlIPCkIpao4qo51lpee25TIRejdH3rhR4EZMGoNx3/TP3O+wzWuiTFl4sqbltzA==",
      "funding": [
        {
          "type": "github",
          "url": "https://github.com/sponsors/puzrin"
        },
        {
          "type": "github",
          "url": "https://github.com/sponsors/nodeca"
        }
      ],
      "license": "MIT",
      "peer": true,
      "dependencies": {
        "argparse": "^2.0.1"
      },
      "bin": {
        "js-yaml": "bin/js-yaml.js"
      }
    },
    "node_modules/kleur": {
      "version": "4.1.5",
      "resolved": "https://registry.npmjs.org/kleur/-/kleur-4.1.5.tgz",
      "integrity": "sha512-o+NO+8WrRiQEE4/7nwRJhN1HWpVmJm511pBHUxPLtp0BUISzlBplORYSmTclCnJvQq2tKu/sgl3xVpkc7ZWuQQ==",
      "license": "MIT",
      "peer": true,
      "engines": {
        "node": ">=6"
      }
    },
    "node_modules/object-inspect": {
      "version": "1.13.4",
      "resolved": "https://registry.npmjs.org/object-inspect/-/object-inspect-1.13.4.tgz",
      "integrity": "sha512-W67iLl4J2EXEGTbfeHCffrjDfitvLANg0UlX3wFUUSTx92KXRFegMHUVgSqE+wvhAbi4WqjGg9czysTV2Epbew==",
      "license": "MIT",
      "peer": true,
      "engines": {
        "node": ">= 0.4"
      },
      "funding": {
        "url": "https://github.com/sponsors/ljharb"
      }
    },
    "node_modules/reggol": {
      "version": "1.7.1",
      "resolved": "https://registry.npmjs.org/reggol/-/reggol-1.7.1.tgz",
      "integrity": "sha512-0Vr1vRYDFnsA14BipkHRn3+4FxlZxQJ4VQG2pFE2obSrR68hTHVbbQzS3/ZAHNb6l/+ThaJrc5BPgrYDM3yNyg==",
      "license": "MIT",
      "peer": true,
      "dependencies": {
        "cosmokit": "^1.6.3",
        "object-inspect": "^1.13.1",
        "supports-color": "^8.1.1"
      }
    },
    "node_modules/schemastery": {
      "version": "3.18.0",
      "resolved": "https://registry.npmjs.org/schemastery/-/schemastery-3.18.0.tgz",
      "integrity": "sha512-Jw2uxjoyyqc/yeurmChUEc/jbi8GsrdXV/KmqRUDZXJAXAmrJiPsz8vKa17l/VckyzljHZ9oGaul443CQiXxtA==",
      "license": "MIT",
      "peer": true,
      "dependencies": {
        "@standard-schema/spec": "^1.1.0",
        "cosmokit": "^1.8.1"
      }
    },
    "node_modules/supports-color": {
      "version": "8.1.1",
      "resolved": "https://registry.npmjs.org/supports-color/-/supports-color-8.1.1.tgz",
      "integrity": "sha512-MpUEN2OodtUzxvKQl72cUF7RQ5EiHsGvSsVG0ia9c5RbWGL2CI4C7EpPS8UTBIplnlzZiNuV56w+FuNxy3ty2Q==",
      "license": "MIT",
      "peer": true,
      "dependencies": {
        "has-flag": "^4.0.0"
      },
      "engines": {
        "node": ">=10"
      },
      "funding": {
        "url": "https://github.com/chalk/supports-color?sponsor=1"
      }
    }
  }
}
