upstream_commit=aaaaaaaaaaaaaaaaaaaaaaaaaaaaaaaaaaaaaaaa
templates/actuator-leak.yaml	b17878e0788c57e4b9b96f307c31f17490d8b31a63b248b279f74d560713f4f5
templates/exposed-panel.yaml	dc870581f7751ad44668016f49204527547ce78dd8ca686f4ae4c78888ceb433
templates/swagger-leak.yaml	0e37384e86aadfecee86a17217fb809739d89ba17053b6022d75fdda035d2d0c
